
Microsoft Visual Studio Solution File, Format Version 12.00
# Visual Studio 2012
Project("{FAE04EC0-301F-11D3-BF4B-00C04F79EFBC}") = "examples4", "examples4\examples4.csproj", "{4842E7D3-CDCC-4600-99FC-4C0806073795}"
EndProject
Global
	GlobalSection(SolutionConfigurationPlatforms) = preSolution
		Debug|Any CPU = Debug|Any CPU
		Release|Any CPU = Release|Any CPU
	EndGlobalSection
	GlobalSection(ProjectConfigurationPlatforms) = postSolution
		{4842E7D3-CDCC-4600-99FC-4C0806073795}.Debug|Any CPU.ActiveCfg = Debug|Any CPU
		{4842E7D3-CDCC-4600-99FC-4C0806073795}.Debug|Any CPU.Build.0 = Debug|Any CPU
		{4842E7D3-CDCC-4600-99FC-4C0806073795}.Release|Any CPU.ActiveCfg = Release|Any CPU
		{4842E7D3-CDCC-4600-99FC-4C0806073795}.Release|Any CPU.Build.0 = Release|Any CPU
	EndGlobalSection
	GlobalSection(SolutionProperties) = preSolution
		HideSolutionNode = FALSE
	EndGlobalSection
EndGlobal
